{
  "name": "eslint-plugin-key-spacing-indent",
  "version": "1.0.0",
  "lockfileVersion": 2,
  "requires": true,
  "packages": {
    "": {
      "name": "eslint-plugin-key-spacing-indent",
      "version": "1.0.0",
      "license": "ISC",
      "dependencies": {
        "eslint-ast-utils": "^1.1.0",
        "grapheme-splitter": "^1.0.4"
      }
    },
    "node_modules/eslint-ast-utils": {
      "version": "1.1.0",
      "resolved": "https://registry.npmjs.org/eslint-ast-utils/-/eslint-ast-utils-1.1.0.tgz",
      "integrity": "sha512-otzzTim2/1+lVrlH19EfQQJEhVJSu0zOb9ygb3iapN6UlyaDtyRq4b5U1FuW0v1lRa9Fp/GJyHkSwm6NqABgCA==",
      "dependencies": {
        "lodash.get": "^4.4.2",
        "lodash.zip": "^4.2.0"
      },
      "engines": {
        "node": ">=4"
      }
    },
    "node_modules/grapheme-splitter": {
      "version": "1.0.4",
      "resolved": "https://registry.npmjs.org/grapheme-splitter/-/grapheme-splitter-1.0.4.tgz",
      "integrity": "sha512-bzh50DW9kTPM00T8y4o8vQg89Di9oLJVLW/KaOGIXJWP/iqCN6WKYkbNOF04vFLJhwcpYUh9ydh/+5vpOqV4YQ=="
    },
    "node_modules/lodash.get": {
      "version": "4.4.2",
      "resolved": "https://registry.npmjs.org/lodash.get/-/lodash.get-4.4.2.tgz",
      "integrity": "sha512-z+Uw/vLuy6gQe8cfaFWD7p0wVv8fJl3mbzXh33RS+0oW2wvUqiRXiQ69gLWSLpgB5/6sU+r6BlQR0MBILadqTQ=="
    },
    "node_modules/lodash.zip": {
      "version": "4.2.0",
      "resolved": "https://registry.npmjs.org/lodash.zip/-/lodash.zip-4.2.0.tgz",
      "integrity": "sha512-C7IOaBBK/0gMORRBd8OETNx3kmOkgIWIPvyDpZSCTwUrpYmgZwJkjZeOD8ww4xbOUOs4/attY+pciKvadNfFbg=="
    }
  },
  "dependencies": {
    "eslint-ast-utils": {
      "version": "1.1.0",
      "resolved": "https://registry.npmjs.org/eslint-ast-utils/-/eslint-ast-utils-1.1.0.tgz",
      "integrity": "sha512-otzzTim2/1+lVrlH19EfQQJEhVJSu0zOb9ygb3iapN6UlyaDtyRq4b5U1FuW0v1lRa9Fp/GJyHkSwm6NqABgCA==",
      "requires": {
        "lodash.get": "^4.4.2",
        "lodash.zip": "^4.2.0"
      }
    },
    "grapheme-splitter": {
      "version": "1.0.4",
      "resolved": "https://registry.npmjs.org/grapheme-splitter/-/grapheme-splitter-1.0.4.tgz",
      "integrity": "sha512-bzh50DW9kTPM00T8y4o8vQg89Di9oLJVLW/KaOGIXJWP/iqCN6WKYkbNOF04vFLJhwcpYUh9ydh/+5vpOqV4YQ=="
    },
    "lodash.get": {
      "version": "4.4.2",
      "resolved": "https://registry.npmjs.org/lodash.get/-/lodash.get-4.4.2.tgz",
      "integrity": "sha512-z+Uw/vLuy6gQe8cfaFWD7p0wVv8fJl3mbzXh33RS+0oW2wvUqiRXiQ69gLWSLpgB5/6sU+r6BlQR0MBILadqTQ=="
    },
    "lodash.zip": {
      "version": "4.2.0",
      "resolved": "https://registry.npmjs.org/lodash.zip/-/lodash.zip-4.2.0.tgz",
      "integrity": "sha512-C7IOaBBK/0gMORRBd8OETNx3kmOkgIWIPvyDpZSCTwUrpYmgZwJkjZeOD8ww4xbOUOs4/attY+pciKvadNfFbg=="
    }
  }
}
